
Microsoft Visual Studio Solution File, Format Version 12.00
# Visual Studio Version 17
VisualStudioVersion = 17.5.33516.290
MinimumVisualStudioVersion = 10.0.40219.1
Project("{9A19103F-16F7-4668-BE54-9A1E7A4F7556}") = "Joar HC ModernRealEstates", "ModernRealEstates\Joar HC ModernRealEstates.csproj", "{867549DC-C2B4-433C-A89A-2CC65A0826C7}"
EndProject
Global
	GlobalSection(SolutionConfigurationPlatforms) = preSolution
		Debug|Any CPU = Debug|Any CPU
		Release|Any CPU = Release|Any CPU
	EndGlobalSection
	GlobalSection(ProjectConfigurationPlatforms) = postSolution
		{867549DC-C2B4-433C-A89A-2CC65A0826C7}.Debug|Any CPU.ActiveCfg = Debug|Any CPU
		{867549DC-C2B4-433C-A89A-2CC65A0826C7}.Debug|Any CPU.Build.0 = Debug|Any CPU
		{867549DC-C2B4-433C-A89A-2CC65A0826C7}.Release|Any CPU.ActiveCfg = Release|Any CPU
		{867549DC-C2B4-433C-A89A-2CC65A0826C7}.Release|Any CPU.Build.0 = Release|Any CPU
	EndGlobalSection
	GlobalSection(SolutionProperties) = preSolution
		HideSolutionNode = FALSE
	EndGlobalSection
	GlobalSection(ExtensibilityGlobals) = postSolution
		SolutionGuid = {2E82A1E2-D495-4DEF-8F98-824C1AF9256B}
	EndGlobalSection
EndGlobal
